
Microsoft Visual Studio Solution File, Format Version 12.00
# Visual Studio Version 17
VisualStudioVersion = 17.4.33205.214
MinimumVisualStudioVersion = 10.0.40219.1
Project("{9A19103F-16F7-4668-BE54-9A1E7A4F7556}") = "EasyNet", "EasyNet\EasyNet.csproj", "{F963E50D-889A-44F1-A737-DB9EEA7B2C09}"
	ProjectSection(ProjectDependencies) = postProject
		{1BF59D69-C988-4893-A732-3270324CCD0D} = {1BF59D69-C988-4893-A732-3270324CCD0D}
		{C975D3A6-0E8C-487F-8CF1-78F5C5E2B5E7} = {C975D3A6-0E8C-487F-8CF1-78F5C5E2B5E7}
		{CF54A223-F3FA-471A-B925-5B7C3F07B5CE} = {CF54A223-F3FA-471A-B925-5B7C3F07B5CE}
	EndProjectSection
EndProject
Project("{9A19103F-16F7-4668-BE54-9A1E7A4F7556}") = "Easy.DataAccess", "Easy.DataAccess\Easy.DataAccess.csproj", "{1BF59D69-C988-4893-A732-3270324CCD0D}"
	ProjectSection(ProjectDependencies) = postProject
		{CF54A223-F3FA-471A-B925-5B7C3F07B5CE} = {CF54A223-F3FA-471A-B925-5B7C3F07B5CE}
	EndProjectSection
EndProject
Project("{9A19103F-16F7-4668-BE54-9A1E7A4F7556}") = "Easy.Models", "Easy.Models\Easy.Models.csproj", "{CF54A223-F3FA-471A-B925-5B7C3F07B5CE}"
EndProject
Project("{9A19103F-16F7-4668-BE54-9A1E7A4F7556}") = "Easy.Utility", "Easy.Utility\Easy.Utility.csproj", "{C975D3A6-0E8C-487F-8CF1-78F5C5E2B5E7}"
EndProject
Global
	GlobalSection(SolutionConfigurationPlatforms) = preSolution
		Debug|Any CPU = Debug|Any CPU
		Release|Any CPU = Release|Any CPU
	EndGlobalSection
	GlobalSection(ProjectConfigurationPlatforms) = postSolution
		{F963E50D-889A-44F1-A737-DB9EEA7B2C09}.Debug|Any CPU.ActiveCfg = Debug|Any CPU
		{F963E50D-889A-44F1-A737-DB9EEA7B2C09}.Debug|Any CPU.Build.0 = Debug|Any CPU
		{F963E50D-889A-44F1-A737-DB9EEA7B2C09}.Release|Any CPU.ActiveCfg = Release|Any CPU
		{F963E50D-889A-44F1-A737-DB9EEA7B2C09}.Release|Any CPU.Build.0 = Release|Any CPU
		{1BF59D69-C988-4893-A732-3270324CCD0D}.Debug|Any CPU.ActiveCfg = Debug|Any CPU
		{1BF59D69-C988-4893-A732-3270324CCD0D}.Debug|Any CPU.Build.0 = Debug|Any CPU
		{1BF59D69-C988-4893-A732-3270324CCD0D}.Release|Any CPU.ActiveCfg = Release|Any CPU
		{1BF59D69-C988-4893-A732-3270324CCD0D}.Release|Any CPU.Build.0 = Release|Any CPU
		{CF54A223-F3FA-471A-B925-5B7C3F07B5CE}.Debug|Any CPU.ActiveCfg = Debug|Any CPU
		{CF54A223-F3FA-471A-B925-5B7C3F07B5CE}.Debug|Any CPU.Build.0 = Debug|Any CPU
		{CF54A223-F3FA-471A-B925-5B7C3F07B5CE}.Release|Any CPU.ActiveCfg = Release|Any CPU
		{CF54A223-F3FA-471A-B925-5B7C3F07B5CE}.Release|Any CPU.Build.0 = Release|Any CPU
		{C975D3A6-0E8C-487F-8CF1-78F5C5E2B5E7}.Debug|Any CPU.ActiveCfg = Debug|Any CPU
		{C975D3A6-0E8C-487F-8CF1-78F5C5E2B5E7}.Debug|Any CPU.Build.0 = Debug|Any CPU
		{C975D3A6-0E8C-487F-8CF1-78F5C5E2B5E7}.Release|Any CPU.ActiveCfg = Release|Any CPU
		{C975D3A6-0E8C-487F-8CF1-78F5C5E2B5E7}.Release|Any CPU.Build.0 = Release|Any CPU
	EndGlobalSection
	GlobalSection(SolutionProperties) = preSolution
		HideSolutionNode = FALSE
	EndGlobalSection
	GlobalSection(ExtensibilityGlobals) = postSolution
		SolutionGuid = {AD00054E-FF71-46BF-86D8-67BC0F280FA9}
	EndGlobalSection
EndGlobal
